<?xml version="1.0" encoding="utf-8"?>
<Project ToolsVersion="4.0" xmlns="http://schemas.microsoft.com/developer/msbuild/2003">
  <ItemGroup>
    <Filter Include="Headers">
      <UniqueIdentifier>{C196CD9C-2D76-4C38-368E-D70EA2ECB299}</UniqueIdentifier>
    </Filter>
    <Filter Include="Input">
      <UniqueIdentifier>{953A660D-014F-8EBE-CAD0-311E36A48AEF}</UniqueIdentifier>
    </Filter>
    <Filter Include="Logger">
      <UniqueIdentifier>{25F339C1-1195-6497-FA4F-78EBE690EBE7}</UniqueIdentifier>
    </Filter>
    <Filter Include="Window">
      <UniqueIdentifier>{3DEA79DA-298C-A4B0-1247-B804FE872B01}</UniqueIdentifier>
    </Filter>
  </ItemGroup>
  <ItemGroup>
    <ClInclude Include="Headers\Core.h">
      <Filter>Headers</Filter>
    </ClInclude>
    <ClInclude Include="Headers\Defines.h">
      <Filter>Headers</Filter>
    </ClInclude>
    <ClInclude Include="Headers\PlatformDetection.h">
      <Filter>Headers</Filter>
    </ClInclude>
    <ClInclude Include="Headers\framework.h">
      <Filter>Headers</Filter>
    </ClInclude>
    <ClInclude Include="Headers\pch.h">
      <Filter>Headers</Filter>
    </ClInclude>
    <ClInclude Include="Input\Input.h">
      <Filter>Input</Filter>
    </ClInclude>
    <ClInclude Include="Logger\Logger.h">
      <Filter>Logger</Filter>
    </ClInclude>
    <ClInclude Include="Window\LoggerWindow.h">
      <Filter>Window</Filter>
    </ClInclude>
  </ItemGroup>
  <ItemGroup>
    <ClCompile Include="Input\input.cpp">
      <Filter>Input</Filter>
    </ClCompile>
    <ClCompile Include="Logger\Logger.cpp">
      <Filter>Logger</Filter>
    </ClCompile>
    <ClCompile Include="Window\LoggerWindow.cpp">
      <Filter>Window</Filter>
    </ClCompile>
    <ClCompile Include="dllmain.cpp" />
    <ClCompile Include="pch.cpp" />
  </ItemGroup>
  <ItemGroup>
    <None Include="Logger.lua" />
  </ItemGroup>
</Project>